
Microsoft Visual Studio Solution File, Format Version 12.00
# Visual Studio Version 16
VisualStudioVersion = 16.0.29806.167
MinimumVisualStudioVersion = 10.0.40219.1
Project("{FAE04EC0-301F-11D3-BF4B-00C04F79EFBC}") = "GetAzureDevOpsDump", "GetAzureDevOpsDump\GetAzureDevOpsDump.csproj", "{A4A11341-F6A3-4BD3-A87B-F435D10A6528}"
EndProject
Project("{FAE04EC0-301F-11D3-BF4B-00C04F79EFBC}") = "StringComparerExp", "StringComparerExp\StringComparerExp.csproj", "{FF5EBCB6-E49E-4FFF-A585-298FC3A53518}"
EndProject
Project("{FAE04EC0-301F-11D3-BF4B-00C04F79EFBC}") = "ToolForDebuggingHelp", "ToolForDebuggingHelp\ToolForDebuggingHelp.csproj", "{F49B24D7-C851-4031-B18F-D7C83D4DFE6E}"
EndProject
Project("{FAE04EC0-301F-11D3-BF4B-00C04F79EFBC}") = "TasksAndTPL", "TasksAndTPL\TasksAndTPL.csproj", "{998ECBCE-CE4A-4305-992D-5F7B333F7184}"
EndProject
Project("{9A19103F-16F7-4668-BE54-9A1E7A4F7556}") = "HelperExtensionMethods", "HelperExtensionMethods\HelperExtensionMethods.csproj", "{BA84B788-6843-4202-8E6C-F937C3DAABA0}"
EndProject
Project("{FAE04EC0-301F-11D3-BF4B-00C04F79EFBC}") = "RunnerAppForClassLibs", "RunnerAppForClassLibs\RunnerAppForClassLibs.csproj", "{297DD4AD-5FDB-4353-B1FC-5C37D0389FE5}"
EndProject
Project("{FAE04EC0-301F-11D3-BF4B-00C04F79EFBC}") = "EventHubProducerExp", "EventHubProducerExp\EventHubProducerExp.csproj", "{14488AFA-3946-4FC0-9374-2FC10AA898E4}"
EndProject
Project("{FAE04EC0-301F-11D3-BF4B-00C04F79EFBC}") = "EventHubReciver", "EventHubReciver\EventHubReciver.csproj", "{C4931D9C-1363-4709-B0F9-804626324FB1}"
EndProject
Global
	GlobalSection(SolutionConfigurationPlatforms) = preSolution
		Debug|Any CPU = Debug|Any CPU
		Release|Any CPU = Release|Any CPU
	EndGlobalSection
	GlobalSection(ProjectConfigurationPlatforms) = postSolution
		{A4A11341-F6A3-4BD3-A87B-F435D10A6528}.Debug|Any CPU.ActiveCfg = Debug|Any CPU
		{A4A11341-F6A3-4BD3-A87B-F435D10A6528}.Debug|Any CPU.Build.0 = Debug|Any CPU
		{A4A11341-F6A3-4BD3-A87B-F435D10A6528}.Release|Any CPU.ActiveCfg = Release|Any CPU
		{A4A11341-F6A3-4BD3-A87B-F435D10A6528}.Release|Any CPU.Build.0 = Release|Any CPU
		{FF5EBCB6-E49E-4FFF-A585-298FC3A53518}.Debug|Any CPU.ActiveCfg = Debug|Any CPU
		{FF5EBCB6-E49E-4FFF-A585-298FC3A53518}.Debug|Any CPU.Build.0 = Debug|Any CPU
		{FF5EBCB6-E49E-4FFF-A585-298FC3A53518}.Release|Any CPU.ActiveCfg = Release|Any CPU
		{FF5EBCB6-E49E-4FFF-A585-298FC3A53518}.Release|Any CPU.Build.0 = Release|Any CPU
		{F49B24D7-C851-4031-B18F-D7C83D4DFE6E}.Debug|Any CPU.ActiveCfg = Debug|Any CPU
		{F49B24D7-C851-4031-B18F-D7C83D4DFE6E}.Debug|Any CPU.Build.0 = Debug|Any CPU
		{F49B24D7-C851-4031-B18F-D7C83D4DFE6E}.Release|Any CPU.ActiveCfg = Release|Any CPU
		{F49B24D7-C851-4031-B18F-D7C83D4DFE6E}.Release|Any CPU.Build.0 = Release|Any CPU
		{998ECBCE-CE4A-4305-992D-5F7B333F7184}.Debug|Any CPU.ActiveCfg = Debug|Any CPU
		{998ECBCE-CE4A-4305-992D-5F7B333F7184}.Debug|Any CPU.Build.0 = Debug|Any CPU
		{998ECBCE-CE4A-4305-992D-5F7B333F7184}.Release|Any CPU.ActiveCfg = Release|Any CPU
		{998ECBCE-CE4A-4305-992D-5F7B333F7184}.Release|Any CPU.Build.0 = Release|Any CPU
		{BA84B788-6843-4202-8E6C-F937C3DAABA0}.Debug|Any CPU.ActiveCfg = Debug|Any CPU
		{BA84B788-6843-4202-8E6C-F937C3DAABA0}.Debug|Any CPU.Build.0 = Debug|Any CPU
		{BA84B788-6843-4202-8E6C-F937C3DAABA0}.Release|Any CPU.ActiveCfg = Release|Any CPU
		{BA84B788-6843-4202-8E6C-F937C3DAABA0}.Release|Any CPU.Build.0 = Release|Any CPU
		{297DD4AD-5FDB-4353-B1FC-5C37D0389FE5}.Debug|Any CPU.ActiveCfg = Debug|Any CPU
		{297DD4AD-5FDB-4353-B1FC-5C37D0389FE5}.Debug|Any CPU.Build.0 = Debug|Any CPU
		{297DD4AD-5FDB-4353-B1FC-5C37D0389FE5}.Release|Any CPU.ActiveCfg = Release|Any CPU
		{297DD4AD-5FDB-4353-B1FC-5C37D0389FE5}.Release|Any CPU.Build.0 = Release|Any CPU
		{14488AFA-3946-4FC0-9374-2FC10AA898E4}.Debug|Any CPU.ActiveCfg = Debug|Any CPU
		{14488AFA-3946-4FC0-9374-2FC10AA898E4}.Debug|Any CPU.Build.0 = Debug|Any CPU
		{14488AFA-3946-4FC0-9374-2FC10AA898E4}.Release|Any CPU.ActiveCfg = Release|Any CPU
		{14488AFA-3946-4FC0-9374-2FC10AA898E4}.Release|Any CPU.Build.0 = Release|Any CPU
		{C4931D9C-1363-4709-B0F9-804626324FB1}.Debug|Any CPU.ActiveCfg = Debug|Any CPU
		{C4931D9C-1363-4709-B0F9-804626324FB1}.Debug|Any CPU.Build.0 = Debug|Any CPU
		{C4931D9C-1363-4709-B0F9-804626324FB1}.Release|Any CPU.ActiveCfg = Release|Any CPU
		{C4931D9C-1363-4709-B0F9-804626324FB1}.Release|Any CPU.Build.0 = Release|Any CPU
	EndGlobalSection
	GlobalSection(SolutionProperties) = preSolution
		HideSolutionNode = FALSE
	EndGlobalSection
	GlobalSection(ExtensibilityGlobals) = postSolution
		SolutionGuid = {7E4EB132-7D20-4826-8B49-07E65338933F}
	EndGlobalSection
EndGlobal
