
Microsoft Visual Studio Solution File, Format Version 12.00
# Visual Studio Version 17
VisualStudioVersion = 17.1.32421.90
MinimumVisualStudioVersion = 10.0.40219.1
Project("{FAE04EC0-301F-11D3-BF4B-00C04F79EFBC}") = "IHostedSvcExp", "IHostedSvcExp\IHostedSvcExp.csproj", "{14391DBE-A9EC-443A-85AB-7EAC2D0BCF54}"
EndProject
Global
	GlobalSection(SolutionConfigurationPlatforms) = preSolution
		Debug|Any CPU = Debug|Any CPU
		Release|Any CPU = Release|Any CPU
	EndGlobalSection
	GlobalSection(ProjectConfigurationPlatforms) = postSolution
		{14391DBE-A9EC-443A-85AB-7EAC2D0BCF54}.Debug|Any CPU.ActiveCfg = Debug|Any CPU
		{14391DBE-A9EC-443A-85AB-7EAC2D0BCF54}.Debug|Any CPU.Build.0 = Debug|Any CPU
		{14391DBE-A9EC-443A-85AB-7EAC2D0BCF54}.Release|Any CPU.ActiveCfg = Release|Any CPU
		{14391DBE-A9EC-443A-85AB-7EAC2D0BCF54}.Release|Any CPU.Build.0 = Release|Any CPU
	EndGlobalSection
	GlobalSection(SolutionProperties) = preSolution
		HideSolutionNode = FALSE
	EndGlobalSection
	GlobalSection(ExtensibilityGlobals) = postSolution
		SolutionGuid = {4FC05999-C4F1-43FD-8EA6-F632E35AF804}
	EndGlobalSection
EndGlobal
