
Microsoft Visual Studio Solution File, Format Version 12.00
# Visual Studio Version 17
VisualStudioVersion = 17.1.32421.90
MinimumVisualStudioVersion = 10.0.40219.1
Project("{FAE04EC0-301F-11D3-BF4B-00C04F79EFBC}") = "ParentApp1", "ParentApp1\ParentApp1.csproj", "{0C3D201E-5155-4BFD-A7CE-CA96445001D3}"
EndProject
Project("{FAE04EC0-301F-11D3-BF4B-00C04F79EFBC}") = "ChildApp1", "ChildApp1\ChildApp1.csproj", "{9920015C-431C-4D51-9C6A-AEC71CF04F61}"
EndProject
Global
	GlobalSection(SolutionConfigurationPlatforms) = preSolution
		Debug|Any CPU = Debug|Any CPU
		Release|Any CPU = Release|Any CPU
	EndGlobalSection
	GlobalSection(ProjectConfigurationPlatforms) = postSolution
		{0C3D201E-5155-4BFD-A7CE-CA96445001D3}.Debug|Any CPU.ActiveCfg = Debug|Any CPU
		{0C3D201E-5155-4BFD-A7CE-CA96445001D3}.Debug|Any CPU.Build.0 = Debug|Any CPU
		{0C3D201E-5155-4BFD-A7CE-CA96445001D3}.Release|Any CPU.ActiveCfg = Release|Any CPU
		{0C3D201E-5155-4BFD-A7CE-CA96445001D3}.Release|Any CPU.Build.0 = Release|Any CPU
		{9920015C-431C-4D51-9C6A-AEC71CF04F61}.Debug|Any CPU.ActiveCfg = Debug|Any CPU
		{9920015C-431C-4D51-9C6A-AEC71CF04F61}.Debug|Any CPU.Build.0 = Debug|Any CPU
		{9920015C-431C-4D51-9C6A-AEC71CF04F61}.Release|Any CPU.ActiveCfg = Release|Any CPU
		{9920015C-431C-4D51-9C6A-AEC71CF04F61}.Release|Any CPU.Build.0 = Release|Any CPU
	EndGlobalSection
	GlobalSection(SolutionProperties) = preSolution
		HideSolutionNode = FALSE
	EndGlobalSection
	GlobalSection(ExtensibilityGlobals) = postSolution
		SolutionGuid = {07FAD5E6-966D-4E20-8EBA-C208A188698F}
	EndGlobalSection
EndGlobal
